// !$*UTF8*$!
{
	archiveVersion = 1;
	classes = {
	};
	objectVersion = 56;
	objects = {

/* Begin PBXBuildFile section */
		B74F12022B11C6E50033C02A /* CreatureCreatorApp.swift in Sources */ = {isa = PBXBuildFile; fileRef = B74F12012B11C6E50033C02A /* CreatureCreatorApp.swift */; };
		B74F12042B11C6E50033C02A /* ContentView.swift in Sources */ = {isa = PBXBuildFile; fileRef = B74F12032B11C6E50033C02A /* ContentView.swift */; };
		B74F12062B11C6E60033C02A /* Assets.xcassets in Resources */ = {isa = PBXBuildFile; fileRef = B74F12052B11C6E60033C02A /* Assets.xcassets */; };
		B74F120A2B11C6E60033C02A /* Preview Assets.xcassets in Resources */ = {isa = PBXBuildFile; fileRef = B74F12092B11C6E60033C02A /* Preview Assets.xcassets */; };
		B7C6C9D82B129F0400D07A44 /* libcreature_creator_pipelines.a in Frameworks */ = {isa = PBXBuildFile; fileRef = B7C6C9D72B129F0400D07A44 /* libcreature_creator_pipelines.a */; };
		B7C6C9DE2B12A10D00D07A44 /* Counter.swift in Sources */ = {isa = PBXBuildFile; fileRef = B7C6C9DD2B12A10D00D07A44 /* Counter.swift */; };
/* End PBXBuildFile section */

/* Begin PBXFileReference section */
		B74F11FE2B11C6E50033C02A /* CreatureCreator.app */ = {isa = PBXFileReference; explicitFileType = wrapper.application; includeInIndex = 0; path = CreatureCreator.app; sourceTree = BUILT_PRODUCTS_DIR; };
		B74F12012B11C6E50033C02A /* CreatureCreatorApp.swift */ = {isa = PBXFileReference; lastKnownFileType = sourcecode.swift; path = CreatureCreatorApp.swift; sourceTree = "<group>"; };
		B74F12032B11C6E50033C02A /* ContentView.swift */ = {isa = PBXFileReference; lastKnownFileType = sourcecode.swift; path = ContentView.swift; sourceTree = "<group>"; };
		B74F12052B11C6E60033C02A /* Assets.xcassets */ = {isa = PBXFileReference; lastKnownFileType = folder.assetcatalog; path = Assets.xcassets; sourceTree = "<group>"; };
		B74F12072B11C6E60033C02A /* CreatureCreator.entitlements */ = {isa = PBXFileReference; lastKnownFileType = text.plist.entitlements; path = CreatureCreator.entitlements; sourceTree = "<group>"; };
		B74F12092B11C6E60033C02A /* Preview Assets.xcassets */ = {isa = PBXFileReference; lastKnownFileType = folder.assetcatalog; path = "Preview Assets.xcassets"; sourceTree = "<group>"; };
		B74F12122B11CA680033C02A /* Cargo.toml */ = {isa = PBXFileReference; fileEncoding = 4; lastKnownFileType = text; path = Cargo.toml; sourceTree = "<group>"; };
		B74F12142B11CA680033C02A /* lib.rs */ = {isa = PBXFileReference; fileEncoding = 4; lastKnownFileType = text; path = lib.rs; sourceTree = "<group>"; };
		B74F12242B11CBE50033C02A /* xcode-cargo.sh */ = {isa = PBXFileReference; fileEncoding = 4; lastKnownFileType = text.script.sh; path = "xcode-cargo.sh"; sourceTree = "<group>"; };
		B74F14AF2B11CBE50033C02A /* Cargo.toml */ = {isa = PBXFileReference; fileEncoding = 4; lastKnownFileType = text; path = Cargo.toml; sourceTree = "<group>"; };
		B7C6C9CE2B129D4900D07A44 /* counter.h */ = {isa = PBXFileReference; lastKnownFileType = sourcecode.c.h; path = counter.h; sourceTree = "<group>"; };
		B7C6C9CF2B129D6300D07A44 /* counter.rs */ = {isa = PBXFileReference; lastKnownFileType = text; path = counter.rs; sourceTree = "<group>"; };
		B7C6C9D12B129D8500D07A44 /* libcreature_creator_pipelines.a */ = {isa = PBXFileReference; lastKnownFileType = archive.ar; name = libcreature_creator_pipelines.a; path = target/debug/libcreature_creator_pipelines.a; sourceTree = "<group>"; };
		B7C6C9D32B129E4200D07A44 /* libcreature_creator_pipelines.a */ = {isa = PBXFileReference; lastKnownFileType = archive.ar; name = libcreature_creator_pipelines.a; path = "target/aarch64-apple-darwin/release/libcreature_creator_pipelines.a"; sourceTree = "<group>"; };
		B7C6C9D52B129E7700D07A44 /* libcreature_creator_pipelines.a */ = {isa = PBXFileReference; lastKnownFileType = archive.ar; name = libcreature_creator_pipelines.a; path = "target/aarch64-apple-ios/release/libcreature_creator_pipelines.a"; sourceTree = "<group>"; };
		B7C6C9D72B129F0400D07A44 /* libcreature_creator_pipelines.a */ = {isa = PBXFileReference; lastKnownFileType = archive.ar; name = libcreature_creator_pipelines.a; path = "target/aarch64-apple-ios-sim/release/libcreature_creator_pipelines.a"; sourceTree = "<group>"; };
		B7C6C9D92B12A0D100D07A44 /* CreatureCreator-Bridging-Header.h */ = {isa = PBXFileReference; lastKnownFileType = sourcecode.c.h; path = "CreatureCreator-Bridging-Header.h"; sourceTree = "<group>"; };
		B7C6C9DD2B12A10D00D07A44 /* Counter.swift */ = {isa = PBXFileReference; lastKnownFileType = sourcecode.swift; path = Counter.swift; sourceTree = "<group>"; };
/* End PBXFileReference section */

/* Begin PBXFrameworksBuildPhase section */
		B74F11FB2B11C6E50033C02A /* Frameworks */ = {
			isa = PBXFrameworksBuildPhase;
			buildActionMask = 2147483647;
			files = (
				B7C6C9D82B129F0400D07A44 /* libcreature_creator_pipelines.a in Frameworks */,
			);
			runOnlyForDeploymentPostprocessing = 0;
		};
/* End PBXFrameworksBuildPhase section */

/* Begin PBXGroup section */
		B74F11F52B11C6E50033C02A = {
			isa = PBXGroup;
			children = (
				B74F12112B11CA680033C02A /* CreatureCreatorPipelines */,
				B74F12002B11C6E50033C02A /* CreatureCreator */,
				B74F12242B11CBE50033C02A /* xcode-cargo.sh */,
				B74F14AF2B11CBE50033C02A /* Cargo.toml */,
				B74F11FF2B11C6E50033C02A /* Products */,
				B7C6C9D02B129D8500D07A44 /* Frameworks */,
			);
			sourceTree = "<group>";
		};
		B74F11FF2B11C6E50033C02A /* Products */ = {
			isa = PBXGroup;
			children = (
				B74F11FE2B11C6E50033C02A /* CreatureCreator.app */,
			);
			name = Products;
			sourceTree = "<group>";
		};
		B74F12002B11C6E50033C02A /* CreatureCreator */ = {
			isa = PBXGroup;
			children = (
				B74F12012B11C6E50033C02A /* CreatureCreatorApp.swift */,
				B74F12032B11C6E50033C02A /* ContentView.swift */,
				B74F12052B11C6E60033C02A /* Assets.xcassets */,
				B74F12072B11C6E60033C02A /* CreatureCreator.entitlements */,
				B74F12082B11C6E60033C02A /* Preview Content */,
				B7C6C9D92B12A0D100D07A44 /* CreatureCreator-Bridging-Header.h */,
				B7C6C9DD2B12A10D00D07A44 /* Counter.swift */,
			);
			path = CreatureCreator;
			sourceTree = "<group>";
		};
		B74F12082B11C6E60033C02A /* Preview Content */ = {
			isa = PBXGroup;
			children = (
				B74F12092B11C6E60033C02A /* Preview Assets.xcassets */,
			);
			path = "Preview Content";
			sourceTree = "<group>";
		};
		B74F12112B11CA680033C02A /* CreatureCreatorPipelines */ = {
			isa = PBXGroup;
			children = (
				B74F12122B11CA680033C02A /* Cargo.toml */,
				B74F12132B11CA680033C02A /* src */,
			);
			path = CreatureCreatorPipelines;
			sourceTree = "<group>";
		};
		B74F12132B11CA680033C02A /* src */ = {
			isa = PBXGroup;
			children = (
				B7C6C9CF2B129D6300D07A44 /* counter.rs */,
				B7C6C9CE2B129D4900D07A44 /* counter.h */,
				B74F12142B11CA680033C02A /* lib.rs */,
			);
			path = src;
			sourceTree = "<group>";
		};
		B7C6C9D02B129D8500D07A44 /* Frameworks */ = {
			isa = PBXGroup;
			children = (
				B7C6C9D72B129F0400D07A44 /* libcreature_creator_pipelines.a */,
				B7C6C9D52B129E7700D07A44 /* libcreature_creator_pipelines.a */,
				B7C6C9D32B129E4200D07A44 /* libcreature_creator_pipelines.a */,
				B7C6C9D12B129D8500D07A44 /* libcreature_creator_pipelines.a */,
			);
			name = Frameworks;
			sourceTree = "<group>";
		};
/* End PBXGroup section */

/* Begin PBXNativeTarget section */
		B74F11FD2B11C6E50033C02A /* CreatureCreator */ = {
			isa = PBXNativeTarget;
			buildConfigurationList = B74F120D2B11C6E60033C02A /* Build configuration list for PBXNativeTarget "CreatureCreator" */;
			buildPhases = (
				B74F16D82B11CFE50033C02A /* ShellScript */,
				B74F11FA2B11C6E50033C02A /* Sources */,
				B74F11FB2B11C6E50033C02A /* Frameworks */,
				B74F11FC2B11C6E50033C02A /* Resources */,
			);
			buildRules = (
			);
			dependencies = (
			);
			name = CreatureCreator;
			productName = CreatureCreator;
			productReference = B74F11FE2B11C6E50033C02A /* CreatureCreator.app */;
			productType = "com.apple.product-type.application";
		};
/* End PBXNativeTarget section */

/* Begin PBXProject section */
		B74F11F62B11C6E50033C02A /* Project object */ = {
			isa = PBXProject;
			attributes = {
				BuildIndependentTargetsInParallel = 1;
				LastSwiftUpdateCheck = 1500;
				LastUpgradeCheck = 1500;
				TargetAttributes = {
					B74F11FD2B11C6E50033C02A = {
						CreatedOnToolsVersion = 15.0.1;
						LastSwiftMigration = 1500;
					};
				};
			};
			buildConfigurationList = B74F11F92B11C6E50033C02A /* Build configuration list for PBXProject "CreatureCreator" */;
			compatibilityVersion = "Xcode 14.0";
			developmentRegion = en;
			hasScannedForEncodings = 0;
			knownRegions = (
				en,
				Base,
			);
			mainGroup = B74F11F52B11C6E50033C02A;
			productRefGroup = B74F11FF2B11C6E50033C02A /* Products */;
			projectDirPath = "";
			projectRoot = "";
			targets = (
				B74F11FD2B11C6E50033C02A /* CreatureCreator */,
			);
		};
/* End PBXProject section */

/* Begin PBXResourcesBuildPhase section */
		B74F11FC2B11C6E50033C02A /* Resources */ = {
			isa = PBXResourcesBuildPhase;
			buildActionMask = 2147483647;
			files = (
				B74F120A2B11C6E60033C02A /* Preview Assets.xcassets in Resources */,
				B74F12062B11C6E60033C02A /* Assets.xcassets in Resources */,
			);
			runOnlyForDeploymentPostprocessing = 0;
		};
/* End PBXResourcesBuildPhase section */

/* Begin PBXShellScriptBuildPhase section */
		B74F16D82B11CFE50033C02A /* ShellScript */ = {
			isa = PBXShellScriptBuildPhase;
			alwaysOutOfDate = 1;
			buildActionMask = 2147483647;
			files = (
			);
			inputFileListPaths = (
			);
			inputPaths = (
			);
			outputFileListPaths = (
			);
			outputPaths = (
			);
			runOnlyForDeploymentPostprocessing = 0;
			shellPath = /bin/zsh;
			shellScript = "${SRCROOT}/xcode-cargo.sh\n";
		};
/* End PBXShellScriptBuildPhase section */

/* Begin PBXSourcesBuildPhase section */
		B74F11FA2B11C6E50033C02A /* Sources */ = {
			isa = PBXSourcesBuildPhase;
			buildActionMask = 2147483647;
			files = (
				B74F12042B11C6E50033C02A /* ContentView.swift in Sources */,
				B74F12022B11C6E50033C02A /* CreatureCreatorApp.swift in Sources */,
				B7C6C9DE2B12A10D00D07A44 /* Counter.swift in Sources */,
			);
			runOnlyForDeploymentPostprocessing = 0;
		};
/* End PBXSourcesBuildPhase section */

/* Begin XCBuildConfiguration section */
		B74F120B2B11C6E60033C02A /* Debug */ = {
			isa = XCBuildConfiguration;
			buildSettings = {
				ALWAYS_SEARCH_USER_PATHS = NO;
				ASSETCATALOG_COMPILER_GENERATE_SWIFT_ASSET_SYMBOL_EXTENSIONS = YES;
				CLANG_ANALYZER_NONNULL = YES;
				CLANG_ANALYZER_NUMBER_OBJECT_CONVERSION = YES_AGGRESSIVE;
				CLANG_CXX_LANGUAGE_STANDARD = "gnu++20";
				CLANG_ENABLE_MODULES = YES;
				CLANG_ENABLE_OBJC_ARC = YES;
				CLANG_ENABLE_OBJC_WEAK = YES;
				CLANG_WARN_BLOCK_CAPTURE_AUTORELEASING = YES;
				CLANG_WARN_BOOL_CONVERSION = YES;
				CLANG_WARN_COMMA = YES;
				CLANG_WARN_CONSTANT_CONVERSION = YES;
				CLANG_WARN_DEPRECATED_OBJC_IMPLEMENTATIONS = YES;
				CLANG_WARN_DIRECT_OBJC_ISA_USAGE = YES_ERROR;
				CLANG_WARN_DOCUMENTATION_COMMENTS = YES;
				CLANG_WARN_EMPTY_BODY = YES;
				CLANG_WARN_ENUM_CONVERSION = YES;
				CLANG_WARN_INFINITE_RECURSION = YES;
				CLANG_WARN_INT_CONVERSION = YES;
				CLANG_WARN_NON_LITERAL_NULL_CONVERSION = YES;
				CLANG_WARN_OBJC_IMPLICIT_RETAIN_SELF = YES;
				CLANG_WARN_OBJC_LITERAL_CONVERSION = YES;
				CLANG_WARN_OBJC_ROOT_CLASS = YES_ERROR;
				CLANG_WARN_QUOTED_INCLUDE_IN_FRAMEWORK_HEADER = YES;
				CLANG_WARN_RANGE_LOOP_ANALYSIS = YES;
				CLANG_WARN_STRICT_PROTOTYPES = YES;
				CLANG_WARN_SUSPICIOUS_MOVE = YES;
				CLANG_WARN_UNGUARDED_AVAILABILITY = YES_AGGRESSIVE;
				CLANG_WARN_UNREACHABLE_CODE = YES;
				CLANG_WARN__DUPLICATE_METHOD_MATCH = YES;
				COPY_PHASE_STRIP = NO;
				DEBUG_INFORMATION_FORMAT = dwarf;
				ENABLE_STRICT_OBJC_MSGSEND = YES;
				ENABLE_TESTABILITY = YES;
				ENABLE_USER_SCRIPT_SANDBOXING = NO;
				GCC_C_LANGUAGE_STANDARD = gnu17;
				GCC_DYNAMIC_NO_PIC = NO;
				GCC_NO_COMMON_BLOCKS = YES;
				GCC_OPTIMIZATION_LEVEL = 0;
				GCC_PREPROCESSOR_DEFINITIONS = (
					"DEBUG=1",
					"$(inherited)",
				);
				GCC_WARN_64_TO_32_BIT_CONVERSION = YES;
				GCC_WARN_ABOUT_RETURN_TYPE = YES_ERROR;
				GCC_WARN_UNDECLARED_SELECTOR = YES;
				GCC_WARN_UNINITIALIZED_AUTOS = YES_AGGRESSIVE;
				GCC_WARN_UNUSED_FUNCTION = YES;
				GCC_WARN_UNUSED_VARIABLE = YES;
				LOCALIZATION_PREFERS_STRING_CATALOGS = YES;
				MTL_ENABLE_DEBUG_INFO = INCLUDE_SOURCE;
				MTL_FAST_MATH = YES;
				ONLY_ACTIVE_ARCH = YES;
				SWIFT_ACTIVE_COMPILATION_CONDITIONS = "DEBUG $(inherited)";
				SWIFT_OPTIMIZATION_LEVEL = "-Onone";
			};
			name = Debug;
		};
		B74F120C2B11C6E60033C02A /* Release */ = {
			isa = XCBuildConfiguration;
			buildSettings = {
				ALWAYS_SEARCH_USER_PATHS = NO;
				ASSETCATALOG_COMPILER_GENERATE_SWIFT_ASSET_SYMBOL_EXTENSIONS = YES;
				CLANG_ANALYZER_NONNULL = YES;
				CLANG_ANALYZER_NUMBER_OBJECT_CONVERSION = YES_AGGRESSIVE;
				CLANG_CXX_LANGUAGE_STANDARD = "gnu++20";
				CLANG_ENABLE_MODULES = YES;
				CLANG_ENABLE_OBJC_ARC = YES;
				CLANG_ENABLE_OBJC_WEAK = YES;
				CLANG_WARN_BLOCK_CAPTURE_AUTORELEASING = YES;
				CLANG_WARN_BOOL_CONVERSION = YES;
				CLANG_WARN_COMMA = YES;
				CLANG_WARN_CONSTANT_CONVERSION = YES;
				CLANG_WARN_DEPRECATED_OBJC_IMPLEMENTATIONS = YES;
				CLANG_WARN_DIRECT_OBJC_ISA_USAGE = YES_ERROR;
				CLANG_WARN_DOCUMENTATION_COMMENTS = YES;
				CLANG_WARN_EMPTY_BODY = YES;
				CLANG_WARN_ENUM_CONVERSION = YES;
				CLANG_WARN_INFINITE_RECURSION = YES;
				CLANG_WARN_INT_CONVERSION = YES;
				CLANG_WARN_NON_LITERAL_NULL_CONVERSION = YES;
				CLANG_WARN_OBJC_IMPLICIT_RETAIN_SELF = YES;
				CLANG_WARN_OBJC_LITERAL_CONVERSION = YES;
				CLANG_WARN_OBJC_ROOT_CLASS = YES_ERROR;
				CLANG_WARN_QUOTED_INCLUDE_IN_FRAMEWORK_HEADER = YES;
				CLANG_WARN_RANGE_LOOP_ANALYSIS = YES;
				CLANG_WARN_STRICT_PROTOTYPES = YES;
				CLANG_WARN_SUSPICIOUS_MOVE = YES;
				CLANG_WARN_UNGUARDED_AVAILABILITY = YES_AGGRESSIVE;
				CLANG_WARN_UNREACHABLE_CODE = YES;
				CLANG_WARN__DUPLICATE_METHOD_MATCH = YES;
				COPY_PHASE_STRIP = NO;
				DEBUG_INFORMATION_FORMAT = "dwarf-with-dsym";
				ENABLE_NS_ASSERTIONS = NO;
				ENABLE_STRICT_OBJC_MSGSEND = YES;
				ENABLE_USER_SCRIPT_SANDBOXING = NO;
				GCC_C_LANGUAGE_STANDARD = gnu17;
				GCC_NO_COMMON_BLOCKS = YES;
				GCC_WARN_64_TO_32_BIT_CONVERSION = YES;
				GCC_WARN_ABOUT_RETURN_TYPE = YES_ERROR;
				GCC_WARN_UNDECLARED_SELECTOR = YES;
				GCC_WARN_UNINITIALIZED_AUTOS = YES_AGGRESSIVE;
				GCC_WARN_UNUSED_FUNCTION = YES;
				GCC_WARN_UNUSED_VARIABLE = YES;
				LOCALIZATION_PREFERS_STRING_CATALOGS = YES;
				MTL_ENABLE_DEBUG_INFO = NO;
				MTL_FAST_MATH = YES;
				SWIFT_COMPILATION_MODE = wholemodule;
			};
			name = Release;
		};
		B74F120E2B11C6E60033C02A /* Debug */ = {
			isa = XCBuildConfiguration;
			buildSettings = {
				ASSETCATALOG_COMPILER_APPICON_NAME = AppIcon;
				ASSETCATALOG_COMPILER_GLOBAL_ACCENT_COLOR_NAME = AccentColor;
				CLANG_ENABLE_MODULES = YES;
				CODE_SIGN_ENTITLEMENTS = CreatureCreator/CreatureCreator.entitlements;
				CODE_SIGN_STYLE = Automatic;
				CURRENT_PROJECT_VERSION = 1;
				DEVELOPMENT_ASSET_PATHS = "\"CreatureCreator/Preview Content\"";
				DEVELOPMENT_TEAM = E9Q373XZ2W;
				ENABLE_HARDENED_RUNTIME = YES;
				ENABLE_PREVIEWS = YES;
				GENERATE_INFOPLIST_FILE = YES;
				"INFOPLIST_KEY_UIApplicationSceneManifest_Generation[sdk=iphoneos*]" = YES;
				"INFOPLIST_KEY_UIApplicationSceneManifest_Generation[sdk=iphonesimulator*]" = YES;
				"INFOPLIST_KEY_UIApplicationSupportsIndirectInputEvents[sdk=iphoneos*]" = YES;
				"INFOPLIST_KEY_UIApplicationSupportsIndirectInputEvents[sdk=iphonesimulator*]" = YES;
				"INFOPLIST_KEY_UILaunchScreen_Generation[sdk=iphoneos*]" = YES;
				"INFOPLIST_KEY_UILaunchScreen_Generation[sdk=iphonesimulator*]" = YES;
				"INFOPLIST_KEY_UIStatusBarStyle[sdk=iphoneos*]" = UIStatusBarStyleDefault;
				"INFOPLIST_KEY_UIStatusBarStyle[sdk=iphonesimulator*]" = UIStatusBarStyleDefault;
				INFOPLIST_KEY_UISupportedInterfaceOrientations_iPad = "UIInterfaceOrientationPortrait UIInterfaceOrientationPortraitUpsideDown UIInterfaceOrientationLandscapeLeft UIInterfaceOrientationLandscapeRight";
				INFOPLIST_KEY_UISupportedInterfaceOrientations_iPhone = "UIInterfaceOrientationPortrait UIInterfaceOrientationLandscapeLeft UIInterfaceOrientationLandscapeRight";
				IPHONEOS_DEPLOYMENT_TARGET = 17.0;
				LD_RUNPATH_SEARCH_PATHS = "@executable_path/Frameworks";
				"LD_RUNPATH_SEARCH_PATHS[sdk=macosx*]" = "@executable_path/../Frameworks";
				LIBRARY_SEARCH_PATHS = "$(inherited)";
				"LIBRARY_SEARCH_PATHS[sdk=iphoneos*]" = (
					"$(inherited)",
					"$(PROJECT_DIR)/target/aarch64-apple-ios/debug",
					"$(PROJECT_DIR)/target/aarch64-apple-ios/release",
				);
				"LIBRARY_SEARCH_PATHS[sdk=iphonesimulator*]" = (
					"$(inherited)",
					"$(PROJECT_DIR)/target/aarch64-apple-ios-sim/debug",
					"$(PROJECT_DIR)/target/aarch64-apple-ios-sim/release",
				);
				"LIBRARY_SEARCH_PATHS[sdk=macosx*]" = (
					"$(inherited)",
					"$(PROJECT_DIR)/target/aarch64-apple-darwin/debug",
					"$(PROJECT_DIR)/target/aarch64-apple-darwin/release",
				);
				MACOSX_DEPLOYMENT_TARGET = 14.0;
				MARKETING_VERSION = 1.0;
				PRODUCT_BUNDLE_IDENTIFIER = dev.superb.CreatureCreator;
				PRODUCT_NAME = "$(TARGET_NAME)";
				SDKROOT = auto;
				SUPPORTED_PLATFORMS = "iphoneos iphonesimulator macosx";
				SWIFT_EMIT_LOC_STRINGS = YES;
				SWIFT_OBJC_BRIDGING_HEADER = "CreatureCreator/CreatureCreator-Bridging-Header.h";
				SWIFT_OPTIMIZATION_LEVEL = "-Onone";
				SWIFT_VERSION = 5.0;
				TARGETED_DEVICE_FAMILY = "1,2";
			};
			name = Debug;
		};
		B74F120F2B11C6E60033C02A /* Release */ = {
			isa = XCBuildConfiguration;
			buildSettings = {
				ASSETCATALOG_COMPILER_APPICON_NAME = AppIcon;
				ASSETCATALOG_COMPILER_GLOBAL_ACCENT_COLOR_NAME = AccentColor;
				CLANG_ENABLE_MODULES = YES;
				CODE_SIGN_ENTITLEMENTS = CreatureCreator/CreatureCreator.entitlements;
				CODE_SIGN_STYLE = Automatic;
				CURRENT_PROJECT_VERSION = 1;
				DEVELOPMENT_ASSET_PATHS = "\"CreatureCreator/Preview Content\"";
				DEVELOPMENT_TEAM = E9Q373XZ2W;
				ENABLE_HARDENED_RUNTIME = YES;
				ENABLE_PREVIEWS = YES;
				GENERATE_INFOPLIST_FILE = YES;
				"INFOPLIST_KEY_UIApplicationSceneManifest_Generation[sdk=iphoneos*]" = YES;
				"INFOPLIST_KEY_UIApplicationSceneManifest_Generation[sdk=iphonesimulator*]" = YES;
				"INFOPLIST_KEY_UIApplicationSupportsIndirectInputEvents[sdk=iphoneos*]" = YES;
				"INFOPLIST_KEY_UIApplicationSupportsIndirectInputEvents[sdk=iphonesimulator*]" = YES;
				"INFOPLIST_KEY_UILaunchScreen_Generation[sdk=iphoneos*]" = YES;
				"INFOPLIST_KEY_UILaunchScreen_Generation[sdk=iphonesimulator*]" = YES;
				"INFOPLIST_KEY_UIStatusBarStyle[sdk=iphoneos*]" = UIStatusBarStyleDefault;
				"INFOPLIST_KEY_UIStatusBarStyle[sdk=iphonesimulator*]" = UIStatusBarStyleDefault;
				INFOPLIST_KEY_UISupportedInterfaceOrientations_iPad = "UIInterfaceOrientationPortrait UIInterfaceOrientationPortraitUpsideDown UIInterfaceOrientationLandscapeLeft UIInterfaceOrientationLandscapeRight";
				INFOPLIST_KEY_UISupportedInterfaceOrientations_iPhone = "UIInterfaceOrientationPortrait UIInterfaceOrientationLandscapeLeft UIInterfaceOrientationLandscapeRight";
				IPHONEOS_DEPLOYMENT_TARGET = 17.0;
				LD_RUNPATH_SEARCH_PATHS = "@executable_path/Frameworks";
				"LD_RUNPATH_SEARCH_PATHS[sdk=macosx*]" = "@executable_path/../Frameworks";
				LIBRARY_SEARCH_PATHS = "$(inherited)";
				"LIBRARY_SEARCH_PATHS[sdk=iphoneos*]" = (
					"$(inherited)",
					"$(PROJECT_DIR)/target/aarch64-apple-ios/release",
				);
				"LIBRARY_SEARCH_PATHS[sdk=iphonesimulator*]" = (
					"$(inherited)",
					"$(PROJECT_DIR)/target/aarch64-apple-ios-sim/release",
				);
				"LIBRARY_SEARCH_PATHS[sdk=macosx*]" = (
					"$(inherited)",
					"$(PROJECT_DIR)/target/aarch64-apple-darwin/release",
				);
				MACOSX_DEPLOYMENT_TARGET = 14.0;
				MARKETING_VERSION = 1.0;
				PRODUCT_BUNDLE_IDENTIFIER = dev.superb.CreatureCreator;
				PRODUCT_NAME = "$(TARGET_NAME)";
				SDKROOT = auto;
				SUPPORTED_PLATFORMS = "iphoneos iphonesimulator macosx";
				SWIFT_EMIT_LOC_STRINGS = YES;
				SWIFT_OBJC_BRIDGING_HEADER = "CreatureCreator/CreatureCreator-Bridging-Header.h";
				SWIFT_VERSION = 5.0;
				TARGETED_DEVICE_FAMILY = "1,2";
			};
			name = Release;
		};
/* End XCBuildConfiguration section */

/* Begin XCConfigurationList section */
		B74F11F92B11C6E50033C02A /* Build configuration list for PBXProject "CreatureCreator" */ = {
			isa = XCConfigurationList;
			buildConfigurations = (
				B74F120B2B11C6E60033C02A /* Debug */,
				B74F120C2B11C6E60033C02A /* Release */,
			);
			defaultConfigurationIsVisible = 0;
			defaultConfigurationName = Release;
		};
		B74F120D2B11C6E60033C02A /* Build configuration list for PBXNativeTarget "CreatureCreator" */ = {
			isa = XCConfigurationList;
			buildConfigurations = (
				B74F120E2B11C6E60033C02A /* Debug */,
				B74F120F2B11C6E60033C02A /* Release */,
			);
			defaultConfigurationIsVisible = 0;
			defaultConfigurationName = Release;
		};
/* End XCConfigurationList section */
	};
	rootObject = B74F11F62B11C6E50033C02A /* Project object */;
}
